
Microsoft Visual Studio Solution File, Format Version 12.00
# Visual Studio Version 17
VisualStudioVersion = 17.6.33815.320
MinimumVisualStudioVersion = 10.0.40219.1
Project("{FAE04EC0-301F-11D3-BF4B-00C04F79EFBC}") = "QuizAPI", "QuizAPI\QuizAPI.csproj", "{5283F44F-17F5-4698-BC3E-958AAE83A41C}"
EndProject
Global
	GlobalSection(SolutionConfigurationPlatforms) = preSolution
		Debug|Any CPU = Debug|Any CPU
		Release|Any CPU = Release|Any CPU
	EndGlobalSection
	GlobalSection(ProjectConfigurationPlatforms) = postSolution
		{5283F44F-17F5-4698-BC3E-958AAE83A41C}.Debug|Any CPU.ActiveCfg = Debug|Any CPU
		{5283F44F-17F5-4698-BC3E-958AAE83A41C}.Debug|Any CPU.Build.0 = Debug|Any CPU
		{5283F44F-17F5-4698-BC3E-958AAE83A41C}.Release|Any CPU.ActiveCfg = Release|Any CPU
		{5283F44F-17F5-4698-BC3E-958AAE83A41C}.Release|Any CPU.Build.0 = Release|Any CPU
	EndGlobalSection
	GlobalSection(SolutionProperties) = preSolution
		HideSolutionNode = FALSE
	EndGlobalSection
	GlobalSection(ExtensibilityGlobals) = postSolution
		SolutionGuid = {9B9B19E6-B211-4041-B706-444153D7181C}
	EndGlobalSection
EndGlobal
