
Microsoft Visual Studio Solution File, Format Version 12.00
# Visual Studio Version 17
VisualStudioVersion = 17.5.002.0
MinimumVisualStudioVersion = 10.0.40219.1
Project("{9A19103F-16F7-4668-BE54-9A1E7A4F7556}") = "QuizAPI", "QuizAPI.csproj", "{F80616AE-9018-4D25-9953-5FB1396DD091}"
EndProject
Global
	GlobalSection(SolutionConfigurationPlatforms) = preSolution
		Debug|Any CPU = Debug|Any CPU
		Release|Any CPU = Release|Any CPU
	EndGlobalSection
	GlobalSection(ProjectConfigurationPlatforms) = postSolution
		{F80616AE-9018-4D25-9953-5FB1396DD091}.Debug|Any CPU.ActiveCfg = Debug|Any CPU
		{F80616AE-9018-4D25-9953-5FB1396DD091}.Debug|Any CPU.Build.0 = Debug|Any CPU
		{F80616AE-9018-4D25-9953-5FB1396DD091}.Release|Any CPU.ActiveCfg = Release|Any CPU
		{F80616AE-9018-4D25-9953-5FB1396DD091}.Release|Any CPU.Build.0 = Release|Any CPU
	EndGlobalSection
	GlobalSection(SolutionProperties) = preSolution
		HideSolutionNode = FALSE
	EndGlobalSection
	GlobalSection(ExtensibilityGlobals) = postSolution
		SolutionGuid = {79A70F37-8C90-4F79-9514-05D246D7FE67}
	EndGlobalSection
EndGlobal
